
Microsoft Visual Studio Solution File, Format Version 12.00
# Visual Studio Version 17
VisualStudioVersion = 17.7.34031.279
MinimumVisualStudioVersion = 10.0.40219.1
Project("{FAE04EC0-301F-11D3-BF4B-00C04F79EFBC}") = "FinalProjectFormsApp", "FinalProjectFormsApp\FinalProjectFormsApp.csproj", "{3551C635-62C8-4718-89BE-CEF151C531E4}"
EndProject
Project("{FAE04EC0-301F-11D3-BF4B-00C04F79EFBC}") = "DataAccess", "DataAccess\DataAccess.csproj", "{F2149823-0E45-4E7B-BB70-DF2B354842A3}"
EndProject
Project("{FAE04EC0-301F-11D3-BF4B-00C04F79EFBC}") = "Services", "Services\Services.csproj", "{6723B167-6295-4671-B0C0-129A97EA8DC0}"
EndProject
Global
	GlobalSection(SolutionConfigurationPlatforms) = preSolution
		Debug|Any CPU = Debug|Any CPU
		Release|Any CPU = Release|Any CPU
	EndGlobalSection
	GlobalSection(ProjectConfigurationPlatforms) = postSolution
		{3551C635-62C8-4718-89BE-CEF151C531E4}.Debug|Any CPU.ActiveCfg = Debug|Any CPU
		{3551C635-62C8-4718-89BE-CEF151C531E4}.Debug|Any CPU.Build.0 = Debug|Any CPU
		{3551C635-62C8-4718-89BE-CEF151C531E4}.Release|Any CPU.ActiveCfg = Release|Any CPU
		{3551C635-62C8-4718-89BE-CEF151C531E4}.Release|Any CPU.Build.0 = Release|Any CPU
		{F2149823-0E45-4E7B-BB70-DF2B354842A3}.Debug|Any CPU.ActiveCfg = Debug|Any CPU
		{F2149823-0E45-4E7B-BB70-DF2B354842A3}.Debug|Any CPU.Build.0 = Debug|Any CPU
		{F2149823-0E45-4E7B-BB70-DF2B354842A3}.Release|Any CPU.ActiveCfg = Release|Any CPU
		{F2149823-0E45-4E7B-BB70-DF2B354842A3}.Release|Any CPU.Build.0 = Release|Any CPU
		{6723B167-6295-4671-B0C0-129A97EA8DC0}.Debug|Any CPU.ActiveCfg = Debug|Any CPU
		{6723B167-6295-4671-B0C0-129A97EA8DC0}.Debug|Any CPU.Build.0 = Debug|Any CPU
		{6723B167-6295-4671-B0C0-129A97EA8DC0}.Release|Any CPU.ActiveCfg = Release|Any CPU
		{6723B167-6295-4671-B0C0-129A97EA8DC0}.Release|Any CPU.Build.0 = Release|Any CPU
	EndGlobalSection
	GlobalSection(SolutionProperties) = preSolution
		HideSolutionNode = FALSE
	EndGlobalSection
	GlobalSection(ExtensibilityGlobals) = postSolution
		SolutionGuid = {7EB78183-C69E-4E51-8486-0CED08164120}
	EndGlobalSection
EndGlobal
